// !$*UTF8*$!
{
	archiveVersion = 1;
	classes = {
	};
	objectVersion = 56;
	objects = {

/* Begin PBXBuildFile section */
		FB5385EA2A45F6ED009B525E /* Petition.swift in Sources */ = {isa = PBXBuildFile; fileRef = FB5385E92A45F6ED009B525E /* Petition.swift */; };
		FB5385EC2A45F7C5009B525E /* Petitions.swift in Sources */ = {isa = PBXBuildFile; fileRef = FB5385EB2A45F7C5009B525E /* Petitions.swift */; };
		FBC89CAD2A49BAE4001CDF2E /* DetailViewController.swift in Sources */ = {isa = PBXBuildFile; fileRef = FBC89CAC2A49BAE4001CDF2E /* DetailViewController.swift */; };
		FBD59AB92A45C37000C0DFE8 /* AppDelegate.swift in Sources */ = {isa = PBXBuildFile; fileRef = FBD59AB82A45C37000C0DFE8 /* AppDelegate.swift */; };
		FBD59ABB2A45C37000C0DFE8 /* SceneDelegate.swift in Sources */ = {isa = PBXBuildFile; fileRef = FBD59ABA2A45C37000C0DFE8 /* SceneDelegate.swift */; };
		FBD59ABD2A45C37000C0DFE8 /* ViewController.swift in Sources */ = {isa = PBXBuildFile; fileRef = FBD59ABC2A45C37000C0DFE8 /* ViewController.swift */; };
		FBD59AC02A45C37000C0DFE8 /* Main.storyboard in Resources */ = {isa = PBXBuildFile; fileRef = FBD59ABE2A45C37000C0DFE8 /* Main.storyboard */; };
		FBD59AC22A45C37200C0DFE8 /* Assets.xcassets in Resources */ = {isa = PBXBuildFile; fileRef = FBD59AC12A45C37200C0DFE8 /* Assets.xcassets */; };
		FBD59AC52A45C37200C0DFE8 /* LaunchScreen.storyboard in Resources */ = {isa = PBXBuildFile; fileRef = FBD59AC32A45C37200C0DFE8 /* LaunchScreen.storyboard */; };
/* End PBXBuildFile section */

/* Begin PBXFileReference section */
		FB5385E92A45F6ED009B525E /* Petition.swift */ = {isa = PBXFileReference; lastKnownFileType = sourcecode.swift; path = Petition.swift; sourceTree = "<group>"; };
		FB5385EB2A45F7C5009B525E /* Petitions.swift */ = {isa = PBXFileReference; lastKnownFileType = sourcecode.swift; path = Petitions.swift; sourceTree = "<group>"; };
		FBC89CAC2A49BAE4001CDF2E /* DetailViewController.swift */ = {isa = PBXFileReference; lastKnownFileType = sourcecode.swift; path = DetailViewController.swift; sourceTree = "<group>"; };
		FBD59AB52A45C37000C0DFE8 /* Project7_Whitehouse_Petitions.app */ = {isa = PBXFileReference; explicitFileType = wrapper.application; includeInIndex = 0; path = Project7_Whitehouse_Petitions.app; sourceTree = BUILT_PRODUCTS_DIR; };
		FBD59AB82A45C37000C0DFE8 /* AppDelegate.swift */ = {isa = PBXFileReference; lastKnownFileType = sourcecode.swift; path = AppDelegate.swift; sourceTree = "<group>"; };
		FBD59ABA2A45C37000C0DFE8 /* SceneDelegate.swift */ = {isa = PBXFileReference; lastKnownFileType = sourcecode.swift; path = SceneDelegate.swift; sourceTree = "<group>"; };
		FBD59ABC2A45C37000C0DFE8 /* ViewController.swift */ = {isa = PBXFileReference; lastKnownFileType = sourcecode.swift; path = ViewController.swift; sourceTree = "<group>"; };
		FBD59ABF2A45C37000C0DFE8 /* Base */ = {isa = PBXFileReference; lastKnownFileType = file.storyboard; name = Base; path = Base.lproj/Main.storyboard; sourceTree = "<group>"; };
		FBD59AC12A45C37200C0DFE8 /* Assets.xcassets */ = {isa = PBXFileReference; lastKnownFileType = folder.assetcatalog; path = Assets.xcassets; sourceTree = "<group>"; };
		FBD59AC42A45C37200C0DFE8 /* Base */ = {isa = PBXFileReference; lastKnownFileType = file.storyboard; name = Base; path = Base.lproj/LaunchScreen.storyboard; sourceTree = "<group>"; };
		FBD59AC62A45C37200C0DFE8 /* Info.plist */ = {isa = PBXFileReference; lastKnownFileType = text.plist.xml; path = Info.plist; sourceTree = "<group>"; };
/* End PBXFileReference section */

/* Begin PBXFrameworksBuildPhase section */
		FBD59AB22A45C37000C0DFE8 /* Frameworks */ = {
			isa = PBXFrameworksBuildPhase;
			buildActionMask = 2147483647;
			files = (
			);
			runOnlyForDeploymentPostprocessing = 0;
		};
/* End PBXFrameworksBuildPhase section */

/* Begin PBXGroup section */
		FBD59AAC2A45C37000C0DFE8 = {
			isa = PBXGroup;
			children = (
				FBD59AB72A45C37000C0DFE8 /* Project7_Whitehouse_Petitions */,
				FBD59AB62A45C37000C0DFE8 /* Products */,
			);
			sourceTree = "<group>";
		};
		FBD59AB62A45C37000C0DFE8 /* Products */ = {
			isa = PBXGroup;
			children = (
				FBD59AB52A45C37000C0DFE8 /* Project7_Whitehouse_Petitions.app */,
			);
			name = Products;
			sourceTree = "<group>";
		};
		FBD59AB72A45C37000C0DFE8 /* Project7_Whitehouse_Petitions */ = {
			isa = PBXGroup;
			children = (
				FBD59AB82A45C37000C0DFE8 /* AppDelegate.swift */,
				FBD59ABA2A45C37000C0DFE8 /* SceneDelegate.swift */,
				FBD59ABC2A45C37000C0DFE8 /* ViewController.swift */,
				FBC89CAC2A49BAE4001CDF2E /* DetailViewController.swift */,
				FB5385E92A45F6ED009B525E /* Petition.swift */,
				FB5385EB2A45F7C5009B525E /* Petitions.swift */,
				FBD59ABE2A45C37000C0DFE8 /* Main.storyboard */,
				FBD59AC12A45C37200C0DFE8 /* Assets.xcassets */,
				FBD59AC32A45C37200C0DFE8 /* LaunchScreen.storyboard */,
				FBD59AC62A45C37200C0DFE8 /* Info.plist */,
			);
			path = Project7_Whitehouse_Petitions;
			sourceTree = "<group>";
		};
/* End PBXGroup section */

/* Begin PBXNativeTarget section */
		FBD59AB42A45C37000C0DFE8 /* Project7_Whitehouse_Petitions */ = {
			isa = PBXNativeTarget;
			buildConfigurationList = FBD59AC92A45C37200C0DFE8 /* Build configuration list for PBXNativeTarget "Project7_Whitehouse_Petitions" */;
			buildPhases = (
				FBD59AB12A45C37000C0DFE8 /* Sources */,
				FBD59AB22A45C37000C0DFE8 /* Frameworks */,
				FBD59AB32A45C37000C0DFE8 /* Resources */,
			);
			buildRules = (
			);
			dependencies = (
			);
			name = Project7_Whitehouse_Petitions;
			productName = Project7_Whitehouse_Petitions;
			productReference = FBD59AB52A45C37000C0DFE8 /* Project7_Whitehouse_Petitions.app */;
			productType = "com.apple.product-type.application";
		};
/* End PBXNativeTarget section */

/* Begin PBXProject section */
		FBD59AAD2A45C37000C0DFE8 /* Project object */ = {
			isa = PBXProject;
			attributes = {
				BuildIndependentTargetsInParallel = 1;
				LastSwiftUpdateCheck = 1430;
				LastUpgradeCheck = 1430;
				TargetAttributes = {
					FBD59AB42A45C37000C0DFE8 = {
						CreatedOnToolsVersion = 14.3;
					};
				};
			};
			buildConfigurationList = FBD59AB02A45C37000C0DFE8 /* Build configuration list for PBXProject "Project7_Whitehouse_Petitions" */;
			compatibilityVersion = "Xcode 14.0";
			developmentRegion = en;
			hasScannedForEncodings = 0;
			knownRegions = (
				en,
				Base,
			);
			mainGroup = FBD59AAC2A45C37000C0DFE8;
			productRefGroup = FBD59AB62A45C37000C0DFE8 /* Products */;
			projectDirPath = "";
			projectRoot = "";
			targets = (
				FBD59AB42A45C37000C0DFE8 /* Project7_Whitehouse_Petitions */,
			);
		};
/* End PBXProject section */

/* Begin PBXResourcesBuildPhase section */
		FBD59AB32A45C37000C0DFE8 /* Resources */ = {
			isa = PBXResourcesBuildPhase;
			buildActionMask = 2147483647;
			files = (
				FBD59AC52A45C37200C0DFE8 /* LaunchScreen.storyboard in Resources */,
				FBD59AC22A45C37200C0DFE8 /* Assets.xcassets in Resources */,
				FBD59AC02A45C37000C0DFE8 /* Main.storyboard in Resources */,
			);
			runOnlyForDeploymentPostprocessing = 0;
		};
/* End PBXResourcesBuildPhase section */

/* Begin PBXSourcesBuildPhase section */
		FBD59AB12A45C37000C0DFE8 /* Sources */ = {
			isa = PBXSourcesBuildPhase;
			buildActionMask = 2147483647;
			files = (
				FBD59ABD2A45C37000C0DFE8 /* ViewController.swift in Sources */,
				FB5385EA2A45F6ED009B525E /* Petition.swift in Sources */,
				FBD59AB92A45C37000C0DFE8 /* AppDelegate.swift in Sources */,
				FBC89CAD2A49BAE4001CDF2E /* DetailViewController.swift in Sources */,
				FBD59ABB2A45C37000C0DFE8 /* SceneDelegate.swift in Sources */,
				FB5385EC2A45F7C5009B525E /* Petitions.swift in Sources */,
			);
			runOnlyForDeploymentPostprocessing = 0;
		};
/* End PBXSourcesBuildPhase section */

/* Begin PBXVariantGroup section */
		FBD59ABE2A45C37000C0DFE8 /* Main.storyboard */ = {
			isa = PBXVariantGroup;
			children = (
				FBD59ABF2A45C37000C0DFE8 /* Base */,
			);
			name = Main.storyboard;
			sourceTree = "<group>";
		};
		FBD59AC32A45C37200C0DFE8 /* LaunchScreen.storyboard */ = {
			isa = PBXVariantGroup;
			children = (
				FBD59AC42A45C37200C0DFE8 /* Base */,
			);
			name = LaunchScreen.storyboard;
			sourceTree = "<group>";
		};
/* End PBXVariantGroup section */

/* Begin XCBuildConfiguration section */
		FBD59AC72A45C37200C0DFE8 /* Debug */ = {
			isa = XCBuildConfiguration;
			buildSettings = {
				ALWAYS_SEARCH_USER_PATHS = NO;
				CLANG_ANALYZER_NONNULL = YES;
				CLANG_ANALYZER_NUMBER_OBJECT_CONVERSION = YES_AGGRESSIVE;
				CLANG_CXX_LANGUAGE_STANDARD = "gnu++20";
				CLANG_ENABLE_MODULES = YES;
				CLANG_ENABLE_OBJC_ARC = YES;
				CLANG_ENABLE_OBJC_WEAK = YES;
				CLANG_WARN_BLOCK_CAPTURE_AUTORELEASING = YES;
				CLANG_WARN_BOOL_CONVERSION = YES;
				CLANG_WARN_COMMA = YES;
				CLANG_WARN_CONSTANT_CONVERSION = YES;
				CLANG_WARN_DEPRECATED_OBJC_IMPLEMENTATIONS = YES;
				CLANG_WARN_DIRECT_OBJC_ISA_USAGE = YES_ERROR;
				CLANG_WARN_DOCUMENTATION_COMMENTS = YES;
				CLANG_WARN_EMPTY_BODY = YES;
				CLANG_WARN_ENUM_CONVERSION = YES;
				CLANG_WARN_INFINITE_RECURSION = YES;
				CLANG_WARN_INT_CONVERSION = YES;
				CLANG_WARN_NON_LITERAL_NULL_CONVERSION = YES;
				CLANG_WARN_OBJC_IMPLICIT_RETAIN_SELF = YES;
				CLANG_WARN_OBJC_LITERAL_CONVERSION = YES;
				CLANG_WARN_OBJC_ROOT_CLASS = YES_ERROR;
				CLANG_WARN_QUOTED_INCLUDE_IN_FRAMEWORK_HEADER = YES;
				CLANG_WARN_RANGE_LOOP_ANALYSIS = YES;
				CLANG_WARN_STRICT_PROTOTYPES = YES;
				CLANG_WARN_SUSPICIOUS_MOVE = YES;
				CLANG_WARN_UNGUARDED_AVAILABILITY = YES_AGGRESSIVE;
				CLANG_WARN_UNREACHABLE_CODE = YES;
				CLANG_WARN__DUPLICATE_METHOD_MATCH = YES;
				COPY_PHASE_STRIP = NO;
				DEBUG_INFORMATION_FORMAT = dwarf;
				ENABLE_STRICT_OBJC_MSGSEND = YES;
				ENABLE_TESTABILITY = YES;
				GCC_C_LANGUAGE_STANDARD = gnu11;
				GCC_DYNAMIC_NO_PIC = NO;
				GCC_NO_COMMON_BLOCKS = YES;
				GCC_OPTIMIZATION_LEVEL = 0;
				GCC_PREPROCESSOR_DEFINITIONS = (
					"DEBUG=1",
					"$(inherited)",
				);
				GCC_WARN_64_TO_32_BIT_CONVERSION = YES;
				GCC_WARN_ABOUT_RETURN_TYPE = YES_ERROR;
				GCC_WARN_UNDECLARED_SELECTOR = YES;
				GCC_WARN_UNINITIALIZED_AUTOS = YES_AGGRESSIVE;
				GCC_WARN_UNUSED_FUNCTION = YES;
				GCC_WARN_UNUSED_VARIABLE = YES;
				IPHONEOS_DEPLOYMENT_TARGET = 16.4;
				MTL_ENABLE_DEBUG_INFO = INCLUDE_SOURCE;
				MTL_FAST_MATH = YES;
				ONLY_ACTIVE_ARCH = YES;
				SDKROOT = iphoneos;
				SWIFT_ACTIVE_COMPILATION_CONDITIONS = DEBUG;
				SWIFT_OPTIMIZATION_LEVEL = "-Onone";
			};
			name = Debug;
		};
		FBD59AC82A45C37200C0DFE8 /* Release */ = {
			isa = XCBuildConfiguration;
			buildSettings = {
				ALWAYS_SEARCH_USER_PATHS = NO;
				CLANG_ANALYZER_NONNULL = YES;
				CLANG_ANALYZER_NUMBER_OBJECT_CONVERSION = YES_AGGRESSIVE;
				CLANG_CXX_LANGUAGE_STANDARD = "gnu++20";
				CLANG_ENABLE_MODULES = YES;
				CLANG_ENABLE_OBJC_ARC = YES;
				CLANG_ENABLE_OBJC_WEAK = YES;
				CLANG_WARN_BLOCK_CAPTURE_AUTORELEASING = YES;
				CLANG_WARN_BOOL_CONVERSION = YES;
				CLANG_WARN_COMMA = YES;
				CLANG_WARN_CONSTANT_CONVERSION = YES;
				CLANG_WARN_DEPRECATED_OBJC_IMPLEMENTATIONS = YES;
				CLANG_WARN_DIRECT_OBJC_ISA_USAGE = YES_ERROR;
				CLANG_WARN_DOCUMENTATION_COMMENTS = YES;
				CLANG_WARN_EMPTY_BODY = YES;
				CLANG_WARN_ENUM_CONVERSION = YES;
				CLANG_WARN_INFINITE_RECURSION = YES;
				CLANG_WARN_INT_CONVERSION = YES;
				CLANG_WARN_NON_LITERAL_NULL_CONVERSION = YES;
				CLANG_WARN_OBJC_IMPLICIT_RETAIN_SELF = YES;
				CLANG_WARN_OBJC_LITERAL_CONVERSION = YES;
				CLANG_WARN_OBJC_ROOT_CLASS = YES_ERROR;
				CLANG_WARN_QUOTED_INCLUDE_IN_FRAMEWORK_HEADER = YES;
				CLANG_WARN_RANGE_LOOP_ANALYSIS = YES;
				CLANG_WARN_STRICT_PROTOTYPES = YES;
				CLANG_WARN_SUSPICIOUS_MOVE = YES;
				CLANG_WARN_UNGUARDED_AVAILABILITY = YES_AGGRESSIVE;
				CLANG_WARN_UNREACHABLE_CODE = YES;
				CLANG_WARN__DUPLICATE_METHOD_MATCH = YES;
				COPY_PHASE_STRIP = NO;
				DEBUG_INFORMATION_FORMAT = "dwarf-with-dsym";
				ENABLE_NS_ASSERTIONS = NO;
				ENABLE_STRICT_OBJC_MSGSEND = YES;
				GCC_C_LANGUAGE_STANDARD = gnu11;
				GCC_NO_COMMON_BLOCKS = YES;
				GCC_WARN_64_TO_32_BIT_CONVERSION = YES;
				GCC_WARN_ABOUT_RETURN_TYPE = YES_ERROR;
				GCC_WARN_UNDECLARED_SELECTOR = YES;
				GCC_WARN_UNINITIALIZED_AUTOS = YES_AGGRESSIVE;
				GCC_WARN_UNUSED_FUNCTION = YES;
				GCC_WARN_UNUSED_VARIABLE = YES;
				IPHONEOS_DEPLOYMENT_TARGET = 16.4;
				MTL_ENABLE_DEBUG_INFO = NO;
				MTL_FAST_MATH = YES;
				SDKROOT = iphoneos;
				SWIFT_COMPILATION_MODE = wholemodule;
				SWIFT_OPTIMIZATION_LEVEL = "-O";
				VALIDATE_PRODUCT = YES;
			};
			name = Release;
		};
		FBD59ACA2A45C37200C0DFE8 /* Debug */ = {
			isa = XCBuildConfiguration;
			buildSettings = {
				ASSETCATALOG_COMPILER_APPICON_NAME = AppIcon;
				ASSETCATALOG_COMPILER_GLOBAL_ACCENT_COLOR_NAME = AccentColor;
				CODE_SIGN_STYLE = Automatic;
				CURRENT_PROJECT_VERSION = 1;
				DEVELOPMENT_TEAM = 76Y8THNQ6B;
				GENERATE_INFOPLIST_FILE = YES;
				INFOPLIST_FILE = Project7_Whitehouse_Petitions/Info.plist;
				INFOPLIST_KEY_UIApplicationSupportsIndirectInputEvents = YES;
				INFOPLIST_KEY_UILaunchStoryboardName = LaunchScreen;
				INFOPLIST_KEY_UIMainStoryboardFile = Main;
				INFOPLIST_KEY_UISupportedInterfaceOrientations_iPad = "UIInterfaceOrientationPortrait UIInterfaceOrientationPortraitUpsideDown UIInterfaceOrientationLandscapeLeft UIInterfaceOrientationLandscapeRight";
				INFOPLIST_KEY_UISupportedInterfaceOrientations_iPhone = "UIInterfaceOrientationPortrait UIInterfaceOrientationLandscapeLeft UIInterfaceOrientationLandscapeRight";
				LD_RUNPATH_SEARCH_PATHS = (
					"$(inherited)",
					"@executable_path/Frameworks",
				);
				MARKETING_VERSION = 1.0;
				PRODUCT_BUNDLE_IDENTIFIER = "com.pullupladder.Project7-Whitehouse-Petitions";
				PRODUCT_NAME = "$(TARGET_NAME)";
				SWIFT_EMIT_LOC_STRINGS = YES;
				SWIFT_VERSION = 5.0;
				TARGETED_DEVICE_FAMILY = "1,2";
			};
			name = Debug;
		};
		FBD59ACB2A45C37200C0DFE8 /* Release */ = {
			isa = XCBuildConfiguration;
			buildSettings = {
				ASSETCATALOG_COMPILER_APPICON_NAME = AppIcon;
				ASSETCATALOG_COMPILER_GLOBAL_ACCENT_COLOR_NAME = AccentColor;
				CODE_SIGN_STYLE = Automatic;
				CURRENT_PROJECT_VERSION = 1;
				DEVELOPMENT_TEAM = 76Y8THNQ6B;
				GENERATE_INFOPLIST_FILE = YES;
				INFOPLIST_FILE = Project7_Whitehouse_Petitions/Info.plist;
				INFOPLIST_KEY_UIApplicationSupportsIndirectInputEvents = YES;
				INFOPLIST_KEY_UILaunchStoryboardName = LaunchScreen;
				INFOPLIST_KEY_UIMainStoryboardFile = Main;
				INFOPLIST_KEY_UISupportedInterfaceOrientations_iPad = "UIInterfaceOrientationPortrait UIInterfaceOrientationPortraitUpsideDown UIInterfaceOrientationLandscapeLeft UIInterfaceOrientationLandscapeRight";
				INFOPLIST_KEY_UISupportedInterfaceOrientations_iPhone = "UIInterfaceOrientationPortrait UIInterfaceOrientationLandscapeLeft UIInterfaceOrientationLandscapeRight";
				LD_RUNPATH_SEARCH_PATHS = (
					"$(inherited)",
					"@executable_path/Frameworks",
				);
				MARKETING_VERSION = 1.0;
				PRODUCT_BUNDLE_IDENTIFIER = "com.pullupladder.Project7-Whitehouse-Petitions";
				PRODUCT_NAME = "$(TARGET_NAME)";
				SWIFT_EMIT_LOC_STRINGS = YES;
				SWIFT_VERSION = 5.0;
				TARGETED_DEVICE_FAMILY = "1,2";
			};
			name = Release;
		};
/* End XCBuildConfiguration section */

/* Begin XCConfigurationList section */
		FBD59AB02A45C37000C0DFE8 /* Build configuration list for PBXProject "Project7_Whitehouse_Petitions" */ = {
			isa = XCConfigurationList;
			buildConfigurations = (
				FBD59AC72A45C37200C0DFE8 /* Debug */,
				FBD59AC82A45C37200C0DFE8 /* Release */,
			);
			defaultConfigurationIsVisible = 0;
			defaultConfigurationName = Release;
		};
		FBD59AC92A45C37200C0DFE8 /* Build configuration list for PBXNativeTarget "Project7_Whitehouse_Petitions" */ = {
			isa = XCConfigurationList;
			buildConfigurations = (
				FBD59ACA2A45C37200C0DFE8 /* Debug */,
				FBD59ACB2A45C37200C0DFE8 /* Release */,
			);
			defaultConfigurationIsVisible = 0;
			defaultConfigurationName = Release;
		};
/* End XCConfigurationList section */
	};
	rootObject = FBD59AAD2A45C37000C0DFE8 /* Project object */;
}
